
Microsoft Visual Studio Solution File, Format Version 12.00
# Visual Studio Version 17
VisualStudioVersion = 17.0.31903.59
MinimumVisualStudioVersion = 10.0.40219.1
Project("{FAE04EC0-301F-11D3-BF4B-00C04F79EFBC}") = "API", "API\API.csproj", "{21970AA3-B316-4E41-A2BD-5A6324D4DE2E}"
EndProject
Project("{FAE04EC0-301F-11D3-BF4B-00C04F79EFBC}") = "Application", "Application\Application.csproj", "{C17B4642-9896-47CC-92DA-E0AE477DB094}"
EndProject
Project("{FAE04EC0-301F-11D3-BF4B-00C04F79EFBC}") = "Domain", "Domain\Domain.csproj", "{988D700A-1B9F-4960-85A4-D39E1941BD0E}"
EndProject
Project("{FAE04EC0-301F-11D3-BF4B-00C04F79EFBC}") = "Persistence", "Persistence\Persistence.csproj", "{2382F044-B9FC-4A8C-9D35-EA2B83011DAB}"
EndProject
Global
	GlobalSection(SolutionConfigurationPlatforms) = preSolution
		Debug|Any CPU = Debug|Any CPU
		Release|Any CPU = Release|Any CPU
	EndGlobalSection
	GlobalSection(SolutionProperties) = preSolution
		HideSolutionNode = FALSE
	EndGlobalSection
	GlobalSection(ProjectConfigurationPlatforms) = postSolution
		{21970AA3-B316-4E41-A2BD-5A6324D4DE2E}.Debug|Any CPU.ActiveCfg = Debug|Any CPU
		{21970AA3-B316-4E41-A2BD-5A6324D4DE2E}.Debug|Any CPU.Build.0 = Debug|Any CPU
		{21970AA3-B316-4E41-A2BD-5A6324D4DE2E}.Release|Any CPU.ActiveCfg = Release|Any CPU
		{21970AA3-B316-4E41-A2BD-5A6324D4DE2E}.Release|Any CPU.Build.0 = Release|Any CPU
		{C17B4642-9896-47CC-92DA-E0AE477DB094}.Debug|Any CPU.ActiveCfg = Debug|Any CPU
		{C17B4642-9896-47CC-92DA-E0AE477DB094}.Debug|Any CPU.Build.0 = Debug|Any CPU
		{C17B4642-9896-47CC-92DA-E0AE477DB094}.Release|Any CPU.ActiveCfg = Release|Any CPU
		{C17B4642-9896-47CC-92DA-E0AE477DB094}.Release|Any CPU.Build.0 = Release|Any CPU
		{988D700A-1B9F-4960-85A4-D39E1941BD0E}.Debug|Any CPU.ActiveCfg = Debug|Any CPU
		{988D700A-1B9F-4960-85A4-D39E1941BD0E}.Debug|Any CPU.Build.0 = Debug|Any CPU
		{988D700A-1B9F-4960-85A4-D39E1941BD0E}.Release|Any CPU.ActiveCfg = Release|Any CPU
		{988D700A-1B9F-4960-85A4-D39E1941BD0E}.Release|Any CPU.Build.0 = Release|Any CPU
		{2382F044-B9FC-4A8C-9D35-EA2B83011DAB}.Debug|Any CPU.ActiveCfg = Debug|Any CPU
		{2382F044-B9FC-4A8C-9D35-EA2B83011DAB}.Debug|Any CPU.Build.0 = Debug|Any CPU
		{2382F044-B9FC-4A8C-9D35-EA2B83011DAB}.Release|Any CPU.ActiveCfg = Release|Any CPU
		{2382F044-B9FC-4A8C-9D35-EA2B83011DAB}.Release|Any CPU.Build.0 = Release|Any CPU
	EndGlobalSection
EndGlobal
